
Microsoft Visual Studio Solution File, Format Version 12.00
# Visual Studio Version 17
VisualStudioVersion = 17.13.35825.156
MinimumVisualStudioVersion = 10.0.40219.1
Project("{FAE04EC0-301F-11D3-BF4B-00C04F79EFBC}") = "Klinik", "Klinik\Klinik.csproj", "{076717C8-491E-451D-91DE-7A530106F44C}"
EndProject
Project("{2150E333-8FDC-42A3-9474-1A3956D46DE8}") = "Solution Items", "Solution Items", "{8EC462FD-D22E-90A8-E5CE-7E832BA40C5D}"
	ProjectSection(SolutionItems) = preProject
		.gitignore = .gitignore
		database.sql = database.sql
	EndProjectSection
EndProject
Global
	GlobalSection(SolutionConfigurationPlatforms) = preSolution
		Debug|Any CPU = Debug|Any CPU
		Release|Any CPU = Release|Any CPU
	EndGlobalSection
	GlobalSection(ProjectConfigurationPlatforms) = postSolution
		{076717C8-491E-451D-91DE-7A530106F44C}.Debug|Any CPU.ActiveCfg = Debug|Any CPU
		{076717C8-491E-451D-91DE-7A530106F44C}.Debug|Any CPU.Build.0 = Debug|Any CPU
		{076717C8-491E-451D-91DE-7A530106F44C}.Release|Any CPU.ActiveCfg = Release|Any CPU
		{076717C8-491E-451D-91DE-7A530106F44C}.Release|Any CPU.Build.0 = Release|Any CPU
	EndGlobalSection
	GlobalSection(SolutionProperties) = preSolution
		HideSolutionNode = FALSE
	EndGlobalSection
	GlobalSection(ExtensibilityGlobals) = postSolution
		SolutionGuid = {3215825D-4B69-4E2B-A5E9-1F84AD8B4183}
	EndGlobalSection
EndGlobal
